
Microsoft Visual Studio Solution File, Format Version 12.00
# Visual Studio Version 16
VisualStudioVersion = 16.0.31702.278
MinimumVisualStudioVersion = 10.0.40219.1
Project("{888888A0-9F3D-457C-B088-3A5042F75D52}") = "COEN150L Lab2", "COEN150L Lab2.pyproj", "{D6F954E6-6DD6-41EF-9E57-38B635CF2FDE}"
EndProject
Global
	GlobalSection(SolutionConfigurationPlatforms) = preSolution
		Debug|Any CPU = Debug|Any CPU
		Release|Any CPU = Release|Any CPU
	EndGlobalSection
	GlobalSection(ProjectConfigurationPlatforms) = postSolution
		{D6F954E6-6DD6-41EF-9E57-38B635CF2FDE}.Debug|Any CPU.ActiveCfg = Debug|Any CPU
		{D6F954E6-6DD6-41EF-9E57-38B635CF2FDE}.Release|Any CPU.ActiveCfg = Release|Any CPU
	EndGlobalSection
	GlobalSection(SolutionProperties) = preSolution
		HideSolutionNode = FALSE
	EndGlobalSection
	GlobalSection(ExtensibilityGlobals) = postSolution
		SolutionGuid = {39F24A49-C9C5-4496-B930-83013ACFAA1D}
	EndGlobalSection
EndGlobal
